// !$*UTF8*$!
{
	archiveVersion = 1;
	classes = {
	};
	objectVersion = 46;
	objects = {

/* Begin PBXBuildFile section */
		127540F81A7C302C00FF16F9 /* SagradaFamilia.jpeg in Resources */ = {isa = PBXBuildFile; fileRef = 127540F71A7C302C00FF16F9 /* SagradaFamilia.jpeg */; };
		127540FA1A7C336000FF16F9 /* AlbertEinsteinStamp.jpg in Resources */ = {isa = PBXBuildFile; fileRef = 127540F91A7C336000FF16F9 /* AlbertEinsteinStamp.jpg */; };
		12C0E18D1A7AA605005A5966 /* AppDelegate.swift in Sources */ = {isa = PBXBuildFile; fileRef = 12C0E18C1A7AA605005A5966 /* AppDelegate.swift */; };
		12C0E18F1A7AA605005A5966 /* ViewController.swift in Sources */ = {isa = PBXBuildFile; fileRef = 12C0E18E1A7AA605005A5966 /* ViewController.swift */; };
		12C0E1921A7AA605005A5966 /* Main.storyboard in Resources */ = {isa = PBXBuildFile; fileRef = 12C0E1901A7AA605005A5966 /* Main.storyboard */; };
		12C0E1941A7AA605005A5966 /* Images.xcassets in Resources */ = {isa = PBXBuildFile; fileRef = 12C0E1931A7AA605005A5966 /* Images.xcassets */; };
		12C0E1971A7AA605005A5966 /* LaunchScreen.xib in Resources */ = {isa = PBXBuildFile; fileRef = 12C0E1951A7AA605005A5966 /* LaunchScreen.xib */; };
		12C0E1A31A7AA605005A5966 /* PostcardTests.swift in Sources */ = {isa = PBXBuildFile; fileRef = 12C0E1A21A7AA605005A5966 /* PostcardTests.swift */; };
/* End PBXBuildFile section */

/* Begin PBXContainerItemProxy section */
		12C0E19D1A7AA605005A5966 /* PBXContainerItemProxy */ = {
			isa = PBXContainerItemProxy;
			containerPortal = 12C0E17F1A7AA605005A5966 /* Project object */;
			proxyType = 1;
			remoteGlobalIDString = 12C0E1861A7AA605005A5966;
			remoteInfo = Postcard;
		};
/* End PBXContainerItemProxy section */

/* Begin PBXFileReference section */
		127540F71A7C302C00FF16F9 /* SagradaFamilia.jpeg */ = {isa = PBXFileReference; lastKnownFileType = image.jpeg; path = SagradaFamilia.jpeg; sourceTree = "<group>"; };
		127540F91A7C336000FF16F9 /* AlbertEinsteinStamp.jpg */ = {isa = PBXFileReference; lastKnownFileType = image.jpeg; path = AlbertEinsteinStamp.jpg; sourceTree = "<group>"; };
		12C0E1871A7AA605005A5966 /* Postcard.app */ = {isa = PBXFileReference; explicitFileType = wrapper.application; includeInIndex = 0; path = Postcard.app; sourceTree = BUILT_PRODUCTS_DIR; };
		12C0E18B1A7AA605005A5966 /* Info.plist */ = {isa = PBXFileReference; lastKnownFileType = text.plist.xml; path = Info.plist; sourceTree = "<group>"; };
		12C0E18C1A7AA605005A5966 /* AppDelegate.swift */ = {isa = PBXFileReference; lastKnownFileType = sourcecode.swift; path = AppDelegate.swift; sourceTree = "<group>"; };
		12C0E18E1A7AA605005A5966 /* ViewController.swift */ = {isa = PBXFileReference; lastKnownFileType = sourcecode.swift; path = ViewController.swift; sourceTree = "<group>"; };
		12C0E1911A7AA605005A5966 /* Base */ = {isa = PBXFileReference; lastKnownFileType = file.storyboard; name = Base; path = Base.lproj/Main.storyboard; sourceTree = "<group>"; };
		12C0E1931A7AA605005A5966 /* Images.xcassets */ = {isa = PBXFileReference; lastKnownFileType = folder.assetcatalog; path = Images.xcassets; sourceTree = "<group>"; };
		12C0E1961A7AA605005A5966 /* Base */ = {isa = PBXFileReference; lastKnownFileType = file.xib; name = Base; path = Base.lproj/LaunchScreen.xib; sourceTree = "<group>"; };
		12C0E19C1A7AA605005A5966 /* PostcardTests.xctest */ = {isa = PBXFileReference; explicitFileType = wrapper.cfbundle; includeInIndex = 0; path = PostcardTests.xctest; sourceTree = BUILT_PRODUCTS_DIR; };
		12C0E1A11A7AA605005A5966 /* Info.plist */ = {isa = PBXFileReference; lastKnownFileType = text.plist.xml; path = Info.plist; sourceTree = "<group>"; };
		12C0E1A21A7AA605005A5966 /* PostcardTests.swift */ = {isa = PBXFileReference; lastKnownFileType = sourcecode.swift; path = PostcardTests.swift; sourceTree = "<group>"; };
/* End PBXFileReference section */

/* Begin PBXFrameworksBuildPhase section */
		12C0E1841A7AA605005A5966 /* Frameworks */ = {
			isa = PBXFrameworksBuildPhase;
			buildActionMask = 2147483647;
			files = (
			);
			runOnlyForDeploymentPostprocessing = 0;
		};
		12C0E1991A7AA605005A5966 /* Frameworks */ = {
			isa = PBXFrameworksBuildPhase;
			buildActionMask = 2147483647;
			files = (
			);
			runOnlyForDeploymentPostprocessing = 0;
		};
/* End PBXFrameworksBuildPhase section */

/* Begin PBXGroup section */
		12C0E17E1A7AA605005A5966 = {
			isa = PBXGroup;
			children = (
				12C0E1891A7AA605005A5966 /* Postcard */,
				12C0E19F1A7AA605005A5966 /* PostcardTests */,
				12C0E1881A7AA605005A5966 /* Products */,
			);
			sourceTree = "<group>";
		};
		12C0E1881A7AA605005A5966 /* Products */ = {
			isa = PBXGroup;
			children = (
				12C0E1871A7AA605005A5966 /* Postcard.app */,
				12C0E19C1A7AA605005A5966 /* PostcardTests.xctest */,
			);
			name = Products;
			sourceTree = "<group>";
		};
		12C0E1891A7AA605005A5966 /* Postcard */ = {
			isa = PBXGroup;
			children = (
				12C0E18C1A7AA605005A5966 /* AppDelegate.swift */,
				12C0E18E1A7AA605005A5966 /* ViewController.swift */,
				12C0E1901A7AA605005A5966 /* Main.storyboard */,
				12C0E1931A7AA605005A5966 /* Images.xcassets */,
				12C0E1951A7AA605005A5966 /* LaunchScreen.xib */,
				12C0E18A1A7AA605005A5966 /* Supporting Files */,
			);
			path = Postcard;
			sourceTree = "<group>";
		};
		12C0E18A1A7AA605005A5966 /* Supporting Files */ = {
			isa = PBXGroup;
			children = (
				127540F91A7C336000FF16F9 /* AlbertEinsteinStamp.jpg */,
				127540F71A7C302C00FF16F9 /* SagradaFamilia.jpeg */,
				12C0E18B1A7AA605005A5966 /* Info.plist */,
			);
			name = "Supporting Files";
			sourceTree = "<group>";
		};
		12C0E19F1A7AA605005A5966 /* PostcardTests */ = {
			isa = PBXGroup;
			children = (
				12C0E1A21A7AA605005A5966 /* PostcardTests.swift */,
				12C0E1A01A7AA605005A5966 /* Supporting Files */,
			);
			path = PostcardTests;
			sourceTree = "<group>";
		};
		12C0E1A01A7AA605005A5966 /* Supporting Files */ = {
			isa = PBXGroup;
			children = (
				12C0E1A11A7AA605005A5966 /* Info.plist */,
			);
			name = "Supporting Files";
			sourceTree = "<group>";
		};
/* End PBXGroup section */

/* Begin PBXNativeTarget section */
		12C0E1861A7AA605005A5966 /* Postcard */ = {
			isa = PBXNativeTarget;
			buildConfigurationList = 12C0E1A61A7AA605005A5966 /* Build configuration list for PBXNativeTarget "Postcard" */;
			buildPhases = (
				12C0E1831A7AA605005A5966 /* Sources */,
				12C0E1841A7AA605005A5966 /* Frameworks */,
				12C0E1851A7AA605005A5966 /* Resources */,
			);
			buildRules = (
			);
			dependencies = (
			);
			name = Postcard;
			productName = Postcard;
			productReference = 12C0E1871A7AA605005A5966 /* Postcard.app */;
			productType = "com.apple.product-type.application";
		};
		12C0E19B1A7AA605005A5966 /* PostcardTests */ = {
			isa = PBXNativeTarget;
			buildConfigurationList = 12C0E1A91A7AA605005A5966 /* Build configuration list for PBXNativeTarget "PostcardTests" */;
			buildPhases = (
				12C0E1981A7AA605005A5966 /* Sources */,
				12C0E1991A7AA605005A5966 /* Frameworks */,
				12C0E19A1A7AA605005A5966 /* Resources */,
			);
			buildRules = (
			);
			dependencies = (
				12C0E19E1A7AA605005A5966 /* PBXTargetDependency */,
			);
			name = PostcardTests;
			productName = PostcardTests;
			productReference = 12C0E19C1A7AA605005A5966 /* PostcardTests.xctest */;
			productType = "com.apple.product-type.bundle.unit-test";
		};
/* End PBXNativeTarget section */

/* Begin PBXProject section */
		12C0E17F1A7AA605005A5966 /* Project object */ = {
			isa = PBXProject;
			attributes = {
				LastUpgradeCheck = 0610;
				ORGANIZATIONNAME = "Feather Soft";
				TargetAttributes = {
					12C0E1861A7AA605005A5966 = {
						CreatedOnToolsVersion = 6.1.1;
					};
					12C0E19B1A7AA605005A5966 = {
						CreatedOnToolsVersion = 6.1.1;
						TestTargetID = 12C0E1861A7AA605005A5966;
					};
				};
			};
			buildConfigurationList = 12C0E1821A7AA605005A5966 /* Build configuration list for PBXProject "Postcard" */;
			compatibilityVersion = "Xcode 3.2";
			developmentRegion = English;
			hasScannedForEncodings = 0;
			knownRegions = (
				en,
				Base,
			);
			mainGroup = 12C0E17E1A7AA605005A5966;
			productRefGroup = 12C0E1881A7AA605005A5966 /* Products */;
			projectDirPath = "";
			projectRoot = "";
			targets = (
				12C0E1861A7AA605005A5966 /* Postcard */,
				12C0E19B1A7AA605005A5966 /* PostcardTests */,
			);
		};
/* End PBXProject section */

/* Begin PBXResourcesBuildPhase section */
		12C0E1851A7AA605005A5966 /* Resources */ = {
			isa = PBXResourcesBuildPhase;
			buildActionMask = 2147483647;
			files = (
				12C0E1921A7AA605005A5966 /* Main.storyboard in Resources */,
				127540F81A7C302C00FF16F9 /* SagradaFamilia.jpeg in Resources */,
				127540FA1A7C336000FF16F9 /* AlbertEinsteinStamp.jpg in Resources */,
				12C0E1971A7AA605005A5966 /* LaunchScreen.xib in Resources */,
				12C0E1941A7AA605005A5966 /* Images.xcassets in Resources */,
			);
			runOnlyForDeploymentPostprocessing = 0;
		};
		12C0E19A1A7AA605005A5966 /* Resources */ = {
			isa = PBXResourcesBuildPhase;
			buildActionMask = 2147483647;
			files = (
			);
			runOnlyForDeploymentPostprocessing = 0;
		};
/* End PBXResourcesBuildPhase section */

/* Begin PBXSourcesBuildPhase section */
		12C0E1831A7AA605005A5966 /* Sources */ = {
			isa = PBXSourcesBuildPhase;
			buildActionMask = 2147483647;
			files = (
				12C0E18F1A7AA605005A5966 /* ViewController.swift in Sources */,
				12C0E18D1A7AA605005A5966 /* AppDelegate.swift in Sources */,
			);
			runOnlyForDeploymentPostprocessing = 0;
		};
		12C0E1981A7AA605005A5966 /* Sources */ = {
			isa = PBXSourcesBuildPhase;
			buildActionMask = 2147483647;
			files = (
				12C0E1A31A7AA605005A5966 /* PostcardTests.swift in Sources */,
			);
			runOnlyForDeploymentPostprocessing = 0;
		};
/* End PBXSourcesBuildPhase section */

/* Begin PBXTargetDependency section */
		12C0E19E1A7AA605005A5966 /* PBXTargetDependency */ = {
			isa = PBXTargetDependency;
			target = 12C0E1861A7AA605005A5966 /* Postcard */;
			targetProxy = 12C0E19D1A7AA605005A5966 /* PBXContainerItemProxy */;
		};
/* End PBXTargetDependency section */

/* Begin PBXVariantGroup section */
		12C0E1901A7AA605005A5966 /* Main.storyboard */ = {
			isa = PBXVariantGroup;
			children = (
				12C0E1911A7AA605005A5966 /* Base */,
			);
			name = Main.storyboard;
			sourceTree = "<group>";
		};
		12C0E1951A7AA605005A5966 /* LaunchScreen.xib */ = {
			isa = PBXVariantGroup;
			children = (
				12C0E1961A7AA605005A5966 /* Base */,
			);
			name = LaunchScreen.xib;
			sourceTree = "<group>";
		};
/* End PBXVariantGroup section */

/* Begin XCBuildConfiguration section */
		12C0E1A41A7AA605005A5966 /* Debug */ = {
			isa = XCBuildConfiguration;
			buildSettings = {
				ALWAYS_SEARCH_USER_PATHS = NO;
				CLANG_CXX_LANGUAGE_STANDARD = "gnu++0x";
				CLANG_CXX_LIBRARY = "libc++";
				CLANG_ENABLE_MODULES = YES;
				CLANG_ENABLE_OBJC_ARC = YES;
				CLANG_WARN_BOOL_CONVERSION = YES;
				CLANG_WARN_CONSTANT_CONVERSION = YES;
				CLANG_WARN_DIRECT_OBJC_ISA_USAGE = YES_ERROR;
				CLANG_WARN_EMPTY_BODY = YES;
				CLANG_WARN_ENUM_CONVERSION = YES;
				CLANG_WARN_INT_CONVERSION = YES;
				CLANG_WARN_OBJC_ROOT_CLASS = YES_ERROR;
				CLANG_WARN_UNREACHABLE_CODE = YES;
				CLANG_WARN__DUPLICATE_METHOD_MATCH = YES;
				"CODE_SIGN_IDENTITY[sdk=iphoneos*]" = "iPhone Developer";
				COPY_PHASE_STRIP = NO;
				ENABLE_STRICT_OBJC_MSGSEND = YES;
				GCC_C_LANGUAGE_STANDARD = gnu99;
				GCC_DYNAMIC_NO_PIC = NO;
				GCC_OPTIMIZATION_LEVEL = 0;
				GCC_PREPROCESSOR_DEFINITIONS = (
					"DEBUG=1",
					"$(inherited)",
				);
				GCC_SYMBOLS_PRIVATE_EXTERN = NO;
				GCC_WARN_64_TO_32_BIT_CONVERSION = YES;
				GCC_WARN_ABOUT_RETURN_TYPE = YES_ERROR;
				GCC_WARN_UNDECLARED_SELECTOR = YES;
				GCC_WARN_UNINITIALIZED_AUTOS = YES_AGGRESSIVE;
				GCC_WARN_UNUSED_FUNCTION = YES;
				GCC_WARN_UNUSED_VARIABLE = YES;
				IPHONEOS_DEPLOYMENT_TARGET = 8.1;
				MTL_ENABLE_DEBUG_INFO = YES;
				ONLY_ACTIVE_ARCH = YES;
				SDKROOT = iphoneos;
				SWIFT_OPTIMIZATION_LEVEL = "-Onone";
				TARGETED_DEVICE_FAMILY = "1,2";
			};
			name = Debug;
		};
		12C0E1A51A7AA605005A5966 /* Release */ = {
			isa = XCBuildConfiguration;
			buildSettings = {
				ALWAYS_SEARCH_USER_PATHS = NO;
				CLANG_CXX_LANGUAGE_STANDARD = "gnu++0x";
				CLANG_CXX_LIBRARY = "libc++";
				CLANG_ENABLE_MODULES = YES;
				CLANG_ENABLE_OBJC_ARC = YES;
				CLANG_WARN_BOOL_CONVERSION = YES;
				CLANG_WARN_CONSTANT_CONVERSION = YES;
				CLANG_WARN_DIRECT_OBJC_ISA_USAGE = YES_ERROR;
				CLANG_WARN_EMPTY_BODY = YES;
				CLANG_WARN_ENUM_CONVERSION = YES;
				CLANG_WARN_INT_CONVERSION = YES;
				CLANG_WARN_OBJC_ROOT_CLASS = YES_ERROR;
				CLANG_WARN_UNREACHABLE_CODE = YES;
				CLANG_WARN__DUPLICATE_METHOD_MATCH = YES;
				"CODE_SIGN_IDENTITY[sdk=iphoneos*]" = "iPhone Developer";
				COPY_PHASE_STRIP = YES;
				ENABLE_NS_ASSERTIONS = NO;
				ENABLE_STRICT_OBJC_MSGSEND = YES;
				GCC_C_LANGUAGE_STANDARD = gnu99;
				GCC_WARN_64_TO_32_BIT_CONVERSION = YES;
				GCC_WARN_ABOUT_RETURN_TYPE = YES_ERROR;
				GCC_WARN_UNDECLARED_SELECTOR = YES;
				GCC_WARN_UNINITIALIZED_AUTOS = YES_AGGRESSIVE;
				GCC_WARN_UNUSED_FUNCTION = YES;
				GCC_WARN_UNUSED_VARIABLE = YES;
				IPHONEOS_DEPLOYMENT_TARGET = 8.1;
				MTL_ENABLE_DEBUG_INFO = NO;
				SDKROOT = iphoneos;
				TARGETED_DEVICE_FAMILY = "1,2";
				VALIDATE_PRODUCT = YES;
			};
			name = Release;
		};
		12C0E1A71A7AA605005A5966 /* Debug */ = {
			isa = XCBuildConfiguration;
			buildSettings = {
				ASSETCATALOG_COMPILER_APPICON_NAME = AppIcon;
				INFOPLIST_FILE = Postcard/Info.plist;
				LD_RUNPATH_SEARCH_PATHS = "$(inherited) @executable_path/Frameworks";
				PRODUCT_NAME = "$(TARGET_NAME)";
			};
			name = Debug;
		};
		12C0E1A81A7AA605005A5966 /* Release */ = {
			isa = XCBuildConfiguration;
			buildSettings = {
				ASSETCATALOG_COMPILER_APPICON_NAME = AppIcon;
				INFOPLIST_FILE = Postcard/Info.plist;
				LD_RUNPATH_SEARCH_PATHS = "$(inherited) @executable_path/Frameworks";
				PRODUCT_NAME = "$(TARGET_NAME)";
			};
			name = Release;
		};
		12C0E1AA1A7AA605005A5966 /* Debug */ = {
			isa = XCBuildConfiguration;
			buildSettings = {
				BUNDLE_LOADER = "$(TEST_HOST)";
				FRAMEWORK_SEARCH_PATHS = (
					"$(SDKROOT)/Developer/Library/Frameworks",
					"$(inherited)",
				);
				GCC_PREPROCESSOR_DEFINITIONS = (
					"DEBUG=1",
					"$(inherited)",
				);
				INFOPLIST_FILE = PostcardTests/Info.plist;
				LD_RUNPATH_SEARCH_PATHS = "$(inherited) @executable_path/Frameworks @loader_path/Frameworks";
				PRODUCT_NAME = "$(TARGET_NAME)";
				TEST_HOST = "$(BUILT_PRODUCTS_DIR)/Postcard.app/Postcard";
			};
			name = Debug;
		};
		12C0E1AB1A7AA605005A5966 /* Release */ = {
			isa = XCBuildConfiguration;
			buildSettings = {
				BUNDLE_LOADER = "$(TEST_HOST)";
				FRAMEWORK_SEARCH_PATHS = (
					"$(SDKROOT)/Developer/Library/Frameworks",
					"$(inherited)",
				);
				INFOPLIST_FILE = PostcardTests/Info.plist;
				LD_RUNPATH_SEARCH_PATHS = "$(inherited) @executable_path/Frameworks @loader_path/Frameworks";
				PRODUCT_NAME = "$(TARGET_NAME)";
				TEST_HOST = "$(BUILT_PRODUCTS_DIR)/Postcard.app/Postcard";
			};
			name = Release;
		};
/* End XCBuildConfiguration section */

/* Begin XCConfigurationList section */
		12C0E1821A7AA605005A5966 /* Build configuration list for PBXProject "Postcard" */ = {
			isa = XCConfigurationList;
			buildConfigurations = (
				12C0E1A41A7AA605005A5966 /* Debug */,
				12C0E1A51A7AA605005A5966 /* Release */,
			);
			defaultConfigurationIsVisible = 0;
			defaultConfigurationName = Release;
		};
		12C0E1A61A7AA605005A5966 /* Build configuration list for PBXNativeTarget "Postcard" */ = {
			isa = XCConfigurationList;
			buildConfigurations = (
				12C0E1A71A7AA605005A5966 /* Debug */,
				12C0E1A81A7AA605005A5966 /* Release */,
			);
			defaultConfigurationIsVisible = 0;
			defaultConfigurationName = Release;
		};
		12C0E1A91A7AA605005A5966 /* Build configuration list for PBXNativeTarget "PostcardTests" */ = {
			isa = XCConfigurationList;
			buildConfigurations = (
				12C0E1AA1A7AA605005A5966 /* Debug */,
				12C0E1AB1A7AA605005A5966 /* Release */,
			);
			defaultConfigurationIsVisible = 0;
			defaultConfigurationName = Release;
		};
/* End XCConfigurationList section */
	};
	rootObject = 12C0E17F1A7AA605005A5966 /* Project object */;
}
